
Microsoft Visual Studio Solution File, Format Version 12.00
# Visual Studio Version 17
VisualStudioVersion = 17.7.34024.191
MinimumVisualStudioVersion = 10.0.40219.1
Project("{FAE04EC0-301F-11D3-BF4B-00C04F79EFBC}") = "Raycaster", "Raycaster\Raycaster.csproj", "{C4FC4E46-6F96-48C6-819F-DC1026E0C190}"
EndProject
Project("{2150E333-8FDC-42A3-9474-1A3956D46DE8}") = "Solution Items", "Solution Items", "{40D55C37-14E4-4130-8CB6-BEBAAA38FE9D}"
	ProjectSection(SolutionItems) = preProject
		Raycaster\bin\Debug\net6.0\resources\player.png = Raycaster\bin\Debug\net6.0\resources\player.png
	EndProjectSection
EndProject
Global
	GlobalSection(SolutionConfigurationPlatforms) = preSolution
		Debug|Any CPU = Debug|Any CPU
		Release|Any CPU = Release|Any CPU
	EndGlobalSection
	GlobalSection(ProjectConfigurationPlatforms) = postSolution
		{C4FC4E46-6F96-48C6-819F-DC1026E0C190}.Debug|Any CPU.ActiveCfg = Debug|Any CPU
		{C4FC4E46-6F96-48C6-819F-DC1026E0C190}.Debug|Any CPU.Build.0 = Debug|Any CPU
		{C4FC4E46-6F96-48C6-819F-DC1026E0C190}.Release|Any CPU.ActiveCfg = Release|Any CPU
		{C4FC4E46-6F96-48C6-819F-DC1026E0C190}.Release|Any CPU.Build.0 = Release|Any CPU
	EndGlobalSection
	GlobalSection(SolutionProperties) = preSolution
		HideSolutionNode = FALSE
	EndGlobalSection
	GlobalSection(ExtensibilityGlobals) = postSolution
		SolutionGuid = {1882FA82-7B27-4BEA-9AD7-70945697C5E0}
	EndGlobalSection
EndGlobal
